// !$*UTF8*$!
{
	archiveVersion = 1;
	classes = {
	};
	objectVersion = 55;
	objects = {

/* Begin PBXBuildFile section */
		6013A59C283689C900E696B0 /* SetCardGameApp.swift in Sources */ = {isa = PBXBuildFile; fileRef = 6013A59B283689C900E696B0 /* SetCardGameApp.swift */; };
		6013A59E283689C900E696B0 /* ColoredSetGameView.swift in Sources */ = {isa = PBXBuildFile; fileRef = 6013A59D283689C900E696B0 /* ColoredSetGameView.swift */; };
		6013A5A0283689CA00E696B0 /* Assets.xcassets in Resources */ = {isa = PBXBuildFile; fileRef = 6013A59F283689CA00E696B0 /* Assets.xcassets */; };
		6013A5A3283689CA00E696B0 /* Preview Assets.xcassets in Resources */ = {isa = PBXBuildFile; fileRef = 6013A5A2283689CA00E696B0 /* Preview Assets.xcassets */; };
		6013A5AA283699D100E696B0 /* AspectScrollVGrid.swift in Sources */ = {isa = PBXBuildFile; fileRef = 6013A5A9283699D100E696B0 /* AspectScrollVGrid.swift */; };
		6013A5AC28369A1300E696B0 /* CardView.swift in Sources */ = {isa = PBXBuildFile; fileRef = 6013A5AB28369A1300E696B0 /* CardView.swift */; };
		6013A5AE28369AD000E696B0 /* SetGame.swift in Sources */ = {isa = PBXBuildFile; fileRef = 6013A5AD28369AD000E696B0 /* SetGame.swift */; };
		6013A5B02836AABA00E696B0 /* ColoredSetGame.swift in Sources */ = {isa = PBXBuildFile; fileRef = 6013A5AF2836AABA00E696B0 /* ColoredSetGame.swift */; };
		6013A5BC28381A0800E696B0 /* StripedView.swift in Sources */ = {isa = PBXBuildFile; fileRef = 6013A5BB28381A0800E696B0 /* StripedView.swift */; };
		6013A5BE28381A4800E696B0 /* SymbolView.swift in Sources */ = {isa = PBXBuildFile; fileRef = 6013A5BD28381A4800E696B0 /* SymbolView.swift */; };
/* End PBXBuildFile section */

/* Begin PBXFileReference section */
		6013A598283689C900E696B0 /* SetCardGame.app */ = {isa = PBXFileReference; explicitFileType = wrapper.application; includeInIndex = 0; path = SetCardGame.app; sourceTree = BUILT_PRODUCTS_DIR; };
		6013A59B283689C900E696B0 /* SetCardGameApp.swift */ = {isa = PBXFileReference; lastKnownFileType = sourcecode.swift; path = SetCardGameApp.swift; sourceTree = "<group>"; };
		6013A59D283689C900E696B0 /* ColoredSetGameView.swift */ = {isa = PBXFileReference; lastKnownFileType = sourcecode.swift; path = ColoredSetGameView.swift; sourceTree = "<group>"; };
		6013A59F283689CA00E696B0 /* Assets.xcassets */ = {isa = PBXFileReference; lastKnownFileType = folder.assetcatalog; path = Assets.xcassets; sourceTree = "<group>"; };
		6013A5A2283689CA00E696B0 /* Preview Assets.xcassets */ = {isa = PBXFileReference; lastKnownFileType = folder.assetcatalog; path = "Preview Assets.xcassets"; sourceTree = "<group>"; };
		6013A5A9283699D100E696B0 /* AspectScrollVGrid.swift */ = {isa = PBXFileReference; lastKnownFileType = sourcecode.swift; path = AspectScrollVGrid.swift; sourceTree = "<group>"; };
		6013A5AB28369A1300E696B0 /* CardView.swift */ = {isa = PBXFileReference; lastKnownFileType = sourcecode.swift; path = CardView.swift; sourceTree = "<group>"; };
		6013A5AD28369AD000E696B0 /* SetGame.swift */ = {isa = PBXFileReference; lastKnownFileType = sourcecode.swift; path = SetGame.swift; sourceTree = "<group>"; };
		6013A5AF2836AABA00E696B0 /* ColoredSetGame.swift */ = {isa = PBXFileReference; lastKnownFileType = sourcecode.swift; path = ColoredSetGame.swift; sourceTree = "<group>"; };
		6013A5BB28381A0800E696B0 /* StripedView.swift */ = {isa = PBXFileReference; lastKnownFileType = sourcecode.swift; path = StripedView.swift; sourceTree = "<group>"; };
		6013A5BD28381A4800E696B0 /* SymbolView.swift */ = {isa = PBXFileReference; lastKnownFileType = sourcecode.swift; path = SymbolView.swift; sourceTree = "<group>"; };
/* End PBXFileReference section */

/* Begin PBXFrameworksBuildPhase section */
		6013A595283689C900E696B0 /* Frameworks */ = {
			isa = PBXFrameworksBuildPhase;
			buildActionMask = 2147483647;
			files = (
			);
			runOnlyForDeploymentPostprocessing = 0;
		};
/* End PBXFrameworksBuildPhase section */

/* Begin PBXGroup section */
		6013A58F283689C900E696B0 = {
			isa = PBXGroup;
			children = (
				6013A59A283689C900E696B0 /* SetCardGame */,
				6013A599283689C900E696B0 /* Products */,
			);
			sourceTree = "<group>";
		};
		6013A599283689C900E696B0 /* Products */ = {
			isa = PBXGroup;
			children = (
				6013A598283689C900E696B0 /* SetCardGame.app */,
			);
			name = Products;
			sourceTree = "<group>";
		};
		6013A59A283689C900E696B0 /* SetCardGame */ = {
			isa = PBXGroup;
			children = (
				6013A59B283689C900E696B0 /* SetCardGameApp.swift */,
				6013A5BD28381A4800E696B0 /* SymbolView.swift */,
				6013A5BB28381A0800E696B0 /* StripedView.swift */,
				6013A59D283689C900E696B0 /* ColoredSetGameView.swift */,
				6013A5AF2836AABA00E696B0 /* ColoredSetGame.swift */,
				6013A5AD28369AD000E696B0 /* SetGame.swift */,
				6013A5AB28369A1300E696B0 /* CardView.swift */,
				6013A5A9283699D100E696B0 /* AspectScrollVGrid.swift */,
				6013A59F283689CA00E696B0 /* Assets.xcassets */,
				6013A5A1283689CA00E696B0 /* Preview Content */,
			);
			path = SetCardGame;
			sourceTree = "<group>";
		};
		6013A5A1283689CA00E696B0 /* Preview Content */ = {
			isa = PBXGroup;
			children = (
				6013A5A2283689CA00E696B0 /* Preview Assets.xcassets */,
			);
			path = "Preview Content";
			sourceTree = "<group>";
		};
/* End PBXGroup section */

/* Begin PBXNativeTarget section */
		6013A597283689C900E696B0 /* SetCardGame */ = {
			isa = PBXNativeTarget;
			buildConfigurationList = 6013A5A6283689CA00E696B0 /* Build configuration list for PBXNativeTarget "SetCardGame" */;
			buildPhases = (
				6013A594283689C900E696B0 /* Sources */,
				6013A595283689C900E696B0 /* Frameworks */,
				6013A596283689C900E696B0 /* Resources */,
			);
			buildRules = (
			);
			dependencies = (
			);
			name = SetCardGame;
			productName = SetCardGame;
			productReference = 6013A598283689C900E696B0 /* SetCardGame.app */;
			productType = "com.apple.product-type.application";
		};
/* End PBXNativeTarget section */

/* Begin PBXProject section */
		6013A590283689C900E696B0 /* Project object */ = {
			isa = PBXProject;
			attributes = {
				BuildIndependentTargetsInParallel = 1;
				LastSwiftUpdateCheck = 1330;
				LastUpgradeCheck = 1330;
				TargetAttributes = {
					6013A597283689C900E696B0 = {
						CreatedOnToolsVersion = 13.3.1;
					};
				};
			};
			buildConfigurationList = 6013A593283689C900E696B0 /* Build configuration list for PBXProject "SetCardGame" */;
			compatibilityVersion = "Xcode 13.0";
			developmentRegion = en;
			hasScannedForEncodings = 0;
			knownRegions = (
				en,
				Base,
			);
			mainGroup = 6013A58F283689C900E696B0;
			productRefGroup = 6013A599283689C900E696B0 /* Products */;
			projectDirPath = "";
			projectRoot = "";
			targets = (
				6013A597283689C900E696B0 /* SetCardGame */,
			);
		};
/* End PBXProject section */

/* Begin PBXResourcesBuildPhase section */
		6013A596283689C900E696B0 /* Resources */ = {
			isa = PBXResourcesBuildPhase;
			buildActionMask = 2147483647;
			files = (
				6013A5A3283689CA00E696B0 /* Preview Assets.xcassets in Resources */,
				6013A5A0283689CA00E696B0 /* Assets.xcassets in Resources */,
			);
			runOnlyForDeploymentPostprocessing = 0;
		};
/* End PBXResourcesBuildPhase section */

/* Begin PBXSourcesBuildPhase section */
		6013A594283689C900E696B0 /* Sources */ = {
			isa = PBXSourcesBuildPhase;
			buildActionMask = 2147483647;
			files = (
				6013A5AA283699D100E696B0 /* AspectScrollVGrid.swift in Sources */,
				6013A59E283689C900E696B0 /* ColoredSetGameView.swift in Sources */,
				6013A5AE28369AD000E696B0 /* SetGame.swift in Sources */,
				6013A5BE28381A4800E696B0 /* SymbolView.swift in Sources */,
				6013A5BC28381A0800E696B0 /* StripedView.swift in Sources */,
				6013A5AC28369A1300E696B0 /* CardView.swift in Sources */,
				6013A59C283689C900E696B0 /* SetCardGameApp.swift in Sources */,
				6013A5B02836AABA00E696B0 /* ColoredSetGame.swift in Sources */,
			);
			runOnlyForDeploymentPostprocessing = 0;
		};
/* End PBXSourcesBuildPhase section */

/* Begin XCBuildConfiguration section */
		6013A5A4283689CA00E696B0 /* Debug */ = {
			isa = XCBuildConfiguration;
			buildSettings = {
				ALWAYS_SEARCH_USER_PATHS = NO;
				CLANG_ANALYZER_NONNULL = YES;
				CLANG_ANALYZER_NUMBER_OBJECT_CONVERSION = YES_AGGRESSIVE;
				CLANG_CXX_LANGUAGE_STANDARD = "gnu++17";
				CLANG_ENABLE_MODULES = YES;
				CLANG_ENABLE_OBJC_ARC = YES;
				CLANG_ENABLE_OBJC_WEAK = YES;
				CLANG_WARN_BLOCK_CAPTURE_AUTORELEASING = YES;
				CLANG_WARN_BOOL_CONVERSION = YES;
				CLANG_WARN_COMMA = YES;
				CLANG_WARN_CONSTANT_CONVERSION = YES;
				CLANG_WARN_DEPRECATED_OBJC_IMPLEMENTATIONS = YES;
				CLANG_WARN_DIRECT_OBJC_ISA_USAGE = YES_ERROR;
				CLANG_WARN_DOCUMENTATION_COMMENTS = YES;
				CLANG_WARN_EMPTY_BODY = YES;
				CLANG_WARN_ENUM_CONVERSION = YES;
				CLANG_WARN_INFINITE_RECURSION = YES;
				CLANG_WARN_INT_CONVERSION = YES;
				CLANG_WARN_NON_LITERAL_NULL_CONVERSION = YES;
				CLANG_WARN_OBJC_IMPLICIT_RETAIN_SELF = YES;
				CLANG_WARN_OBJC_LITERAL_CONVERSION = YES;
				CLANG_WARN_OBJC_ROOT_CLASS = YES_ERROR;
				CLANG_WARN_QUOTED_INCLUDE_IN_FRAMEWORK_HEADER = YES;
				CLANG_WARN_RANGE_LOOP_ANALYSIS = YES;
				CLANG_WARN_STRICT_PROTOTYPES = YES;
				CLANG_WARN_SUSPICIOUS_MOVE = YES;
				CLANG_WARN_UNGUARDED_AVAILABILITY = YES_AGGRESSIVE;
				CLANG_WARN_UNREACHABLE_CODE = YES;
				CLANG_WARN__DUPLICATE_METHOD_MATCH = YES;
				COPY_PHASE_STRIP = NO;
				DEBUG_INFORMATION_FORMAT = dwarf;
				ENABLE_STRICT_OBJC_MSGSEND = YES;
				ENABLE_TESTABILITY = YES;
				GCC_C_LANGUAGE_STANDARD = gnu11;
				GCC_DYNAMIC_NO_PIC = NO;
				GCC_NO_COMMON_BLOCKS = YES;
				GCC_OPTIMIZATION_LEVEL = 0;
				GCC_PREPROCESSOR_DEFINITIONS = (
					"DEBUG=1",
					"$(inherited)",
				);
				GCC_WARN_64_TO_32_BIT_CONVERSION = YES;
				GCC_WARN_ABOUT_RETURN_TYPE = YES_ERROR;
				GCC_WARN_UNDECLARED_SELECTOR = YES;
				GCC_WARN_UNINITIALIZED_AUTOS = YES_AGGRESSIVE;
				GCC_WARN_UNUSED_FUNCTION = YES;
				GCC_WARN_UNUSED_VARIABLE = YES;
				IPHONEOS_DEPLOYMENT_TARGET = 15.4;
				MTL_ENABLE_DEBUG_INFO = INCLUDE_SOURCE;
				MTL_FAST_MATH = YES;
				ONLY_ACTIVE_ARCH = YES;
				SDKROOT = iphoneos;
				SWIFT_ACTIVE_COMPILATION_CONDITIONS = DEBUG;
				SWIFT_OPTIMIZATION_LEVEL = "-Onone";
			};
			name = Debug;
		};
		6013A5A5283689CA00E696B0 /* Release */ = {
			isa = XCBuildConfiguration;
			buildSettings = {
				ALWAYS_SEARCH_USER_PATHS = NO;
				CLANG_ANALYZER_NONNULL = YES;
				CLANG_ANALYZER_NUMBER_OBJECT_CONVERSION = YES_AGGRESSIVE;
				CLANG_CXX_LANGUAGE_STANDARD = "gnu++17";
				CLANG_ENABLE_MODULES = YES;
				CLANG_ENABLE_OBJC_ARC = YES;
				CLANG_ENABLE_OBJC_WEAK = YES;
				CLANG_WARN_BLOCK_CAPTURE_AUTORELEASING = YES;
				CLANG_WARN_BOOL_CONVERSION = YES;
				CLANG_WARN_COMMA = YES;
				CLANG_WARN_CONSTANT_CONVERSION = YES;
				CLANG_WARN_DEPRECATED_OBJC_IMPLEMENTATIONS = YES;
				CLANG_WARN_DIRECT_OBJC_ISA_USAGE = YES_ERROR;
				CLANG_WARN_DOCUMENTATION_COMMENTS = YES;
				CLANG_WARN_EMPTY_BODY = YES;
				CLANG_WARN_ENUM_CONVERSION = YES;
				CLANG_WARN_INFINITE_RECURSION = YES;
				CLANG_WARN_INT_CONVERSION = YES;
				CLANG_WARN_NON_LITERAL_NULL_CONVERSION = YES;
				CLANG_WARN_OBJC_IMPLICIT_RETAIN_SELF = YES;
				CLANG_WARN_OBJC_LITERAL_CONVERSION = YES;
				CLANG_WARN_OBJC_ROOT_CLASS = YES_ERROR;
				CLANG_WARN_QUOTED_INCLUDE_IN_FRAMEWORK_HEADER = YES;
				CLANG_WARN_RANGE_LOOP_ANALYSIS = YES;
				CLANG_WARN_STRICT_PROTOTYPES = YES;
				CLANG_WARN_SUSPICIOUS_MOVE = YES;
				CLANG_WARN_UNGUARDED_AVAILABILITY = YES_AGGRESSIVE;
				CLANG_WARN_UNREACHABLE_CODE = YES;
				CLANG_WARN__DUPLICATE_METHOD_MATCH = YES;
				COPY_PHASE_STRIP = NO;
				DEBUG_INFORMATION_FORMAT = "dwarf-with-dsym";
				ENABLE_NS_ASSERTIONS = NO;
				ENABLE_STRICT_OBJC_MSGSEND = YES;
				GCC_C_LANGUAGE_STANDARD = gnu11;
				GCC_NO_COMMON_BLOCKS = YES;
				GCC_WARN_64_TO_32_BIT_CONVERSION = YES;
				GCC_WARN_ABOUT_RETURN_TYPE = YES_ERROR;
				GCC_WARN_UNDECLARED_SELECTOR = YES;
				GCC_WARN_UNINITIALIZED_AUTOS = YES_AGGRESSIVE;
				GCC_WARN_UNUSED_FUNCTION = YES;
				GCC_WARN_UNUSED_VARIABLE = YES;
				IPHONEOS_DEPLOYMENT_TARGET = 15.4;
				MTL_ENABLE_DEBUG_INFO = NO;
				MTL_FAST_MATH = YES;
				SDKROOT = iphoneos;
				SWIFT_COMPILATION_MODE = wholemodule;
				SWIFT_OPTIMIZATION_LEVEL = "-O";
				VALIDATE_PRODUCT = YES;
			};
			name = Release;
		};
		6013A5A7283689CA00E696B0 /* Debug */ = {
			isa = XCBuildConfiguration;
			buildSettings = {
				ASSETCATALOG_COMPILER_APPICON_NAME = AppIcon;
				ASSETCATALOG_COMPILER_GLOBAL_ACCENT_COLOR_NAME = AccentColor;
				CODE_SIGN_STYLE = Automatic;
				CURRENT_PROJECT_VERSION = 1;
				DEVELOPMENT_ASSET_PATHS = "\"SetCardGame/Preview Content\"";
				DEVELOPMENT_TEAM = NDTVHCD2NL;
				ENABLE_PREVIEWS = YES;
				GENERATE_INFOPLIST_FILE = YES;
				INFOPLIST_KEY_UIApplicationSceneManifest_Generation = YES;
				INFOPLIST_KEY_UIApplicationSupportsIndirectInputEvents = YES;
				INFOPLIST_KEY_UILaunchScreen_Generation = YES;
				INFOPLIST_KEY_UISupportedInterfaceOrientations_iPad = "UIInterfaceOrientationPortrait UIInterfaceOrientationPortraitUpsideDown UIInterfaceOrientationLandscapeLeft UIInterfaceOrientationLandscapeRight";
				INFOPLIST_KEY_UISupportedInterfaceOrientations_iPhone = "UIInterfaceOrientationPortrait UIInterfaceOrientationLandscapeLeft UIInterfaceOrientationLandscapeRight";
				LD_RUNPATH_SEARCH_PATHS = (
					"$(inherited)",
					"@executable_path/Frameworks",
				);
				MARKETING_VERSION = 1.0;
				PRODUCT_BUNDLE_IDENTIFIER = rajiv.balloo.SetCardGame;
				PRODUCT_NAME = "$(TARGET_NAME)";
				SWIFT_EMIT_LOC_STRINGS = YES;
				SWIFT_VERSION = 5.0;
				TARGETED_DEVICE_FAMILY = "1,2";
			};
			name = Debug;
		};
		6013A5A8283689CA00E696B0 /* Release */ = {
			isa = XCBuildConfiguration;
			buildSettings = {
				ASSETCATALOG_COMPILER_APPICON_NAME = AppIcon;
				ASSETCATALOG_COMPILER_GLOBAL_ACCENT_COLOR_NAME = AccentColor;
				CODE_SIGN_STYLE = Automatic;
				CURRENT_PROJECT_VERSION = 1;
				DEVELOPMENT_ASSET_PATHS = "\"SetCardGame/Preview Content\"";
				DEVELOPMENT_TEAM = NDTVHCD2NL;
				ENABLE_PREVIEWS = YES;
				GENERATE_INFOPLIST_FILE = YES;
				INFOPLIST_KEY_UIApplicationSceneManifest_Generation = YES;
				INFOPLIST_KEY_UIApplicationSupportsIndirectInputEvents = YES;
				INFOPLIST_KEY_UILaunchScreen_Generation = YES;
				INFOPLIST_KEY_UISupportedInterfaceOrientations_iPad = "UIInterfaceOrientationPortrait UIInterfaceOrientationPortraitUpsideDown UIInterfaceOrientationLandscapeLeft UIInterfaceOrientationLandscapeRight";
				INFOPLIST_KEY_UISupportedInterfaceOrientations_iPhone = "UIInterfaceOrientationPortrait UIInterfaceOrientationLandscapeLeft UIInterfaceOrientationLandscapeRight";
				LD_RUNPATH_SEARCH_PATHS = (
					"$(inherited)",
					"@executable_path/Frameworks",
				);
				MARKETING_VERSION = 1.0;
				PRODUCT_BUNDLE_IDENTIFIER = rajiv.balloo.SetCardGame;
				PRODUCT_NAME = "$(TARGET_NAME)";
				SWIFT_EMIT_LOC_STRINGS = YES;
				SWIFT_VERSION = 5.0;
				TARGETED_DEVICE_FAMILY = "1,2";
			};
			name = Release;
		};
/* End XCBuildConfiguration section */

/* Begin XCConfigurationList section */
		6013A593283689C900E696B0 /* Build configuration list for PBXProject "SetCardGame" */ = {
			isa = XCConfigurationList;
			buildConfigurations = (
				6013A5A4283689CA00E696B0 /* Debug */,
				6013A5A5283689CA00E696B0 /* Release */,
			);
			defaultConfigurationIsVisible = 0;
			defaultConfigurationName = Release;
		};
		6013A5A6283689CA00E696B0 /* Build configuration list for PBXNativeTarget "SetCardGame" */ = {
			isa = XCConfigurationList;
			buildConfigurations = (
				6013A5A7283689CA00E696B0 /* Debug */,
				6013A5A8283689CA00E696B0 /* Release */,
			);
			defaultConfigurationIsVisible = 0;
			defaultConfigurationName = Release;
		};
/* End XCConfigurationList section */
	};
	rootObject = 6013A590283689C900E696B0 /* Project object */;
}
